
Microsoft Visual Studio Solution File, Format Version 12.00
# Visual Studio 15
VisualStudioVersion = 15.0.27703.2042
MinimumVisualStudioVersion = 10.0.40219.1
Project("{9A19103F-16F7-4668-BE54-9A1E7A4F7556}") = "EdmsMockApi", "EdmsMockApi\EdmsMockApi.csproj", "{6F9DADA3-A382-4598-9DAE-30D49825E04C}"
EndProject
Global
	GlobalSection(SolutionConfigurationPlatforms) = preSolution
		Debug|Any CPU = Debug|Any CPU
		Release|Any CPU = Release|Any CPU
	EndGlobalSection
	GlobalSection(ProjectConfigurationPlatforms) = postSolution
		{6F9DADA3-A382-4598-9DAE-30D49825E04C}.Debug|Any CPU.ActiveCfg = Debug|Any CPU
		{6F9DADA3-A382-4598-9DAE-30D49825E04C}.Debug|Any CPU.Build.0 = Debug|Any CPU
		{6F9DADA3-A382-4598-9DAE-30D49825E04C}.Release|Any CPU.ActiveCfg = Release|Any CPU
		{6F9DADA3-A382-4598-9DAE-30D49825E04C}.Release|Any CPU.Build.0 = Release|Any CPU
	EndGlobalSection
	GlobalSection(SolutionProperties) = preSolution
		HideSolutionNode = FALSE
	EndGlobalSection
	GlobalSection(ExtensibilityGlobals) = postSolution
		SolutionGuid = {251C8A48-FCD5-463D-AA8C-7D82CAE040D1}
	EndGlobalSection
EndGlobal
